
Microsoft Visual Studio Solution File, Format Version 12.00
# Visual Studio Version 16
VisualStudioVersion = 16.0.32228.343
MinimumVisualStudioVersion = 10.0.40219.1
Project("{2150E333-8FDC-42A3-9474-1A3956D46DE8}") = "Services", "Services", "{360373E7-F9DC-42AB-9975-38A901BBD456}"
EndProject
Project("{2150E333-8FDC-42A3-9474-1A3956D46DE8}") = "Catalog", "Catalog", "{6B53D275-7ED6-472B-93C2-56183BD095E0}"
EndProject
Project("{FAE04EC0-301F-11D3-BF4B-00C04F79EFBC}") = "FreeCourse.Services.Catalog", "Services\Catalog\FreeCourse.Services.Catalog\FreeCourse.Services.Catalog.csproj", "{2D50A4E5-FD42-47DD-9B0B-9CC9142A524A}"
EndProject
Project("{2150E333-8FDC-42A3-9474-1A3956D46DE8}") = "Solution Items", "Solution Items", "{F445CEED-0CBA-485D-8507-38238F1FE0FE}"
	ProjectSection(SolutionItems) = preProject
		Ports.txt = Ports.txt
	EndProjectSection
EndProject
Project("{2150E333-8FDC-42A3-9474-1A3956D46DE8}") = "Shared", "Shared", "{C453B5F7-4C10-47AC-A214-DD4D80433497}"
EndProject
Project("{FAE04EC0-301F-11D3-BF4B-00C04F79EFBC}") = "FreeCourse.Shared", "Shared\FreeCourse.Shared\FreeCourse.Shared.csproj", "{A39CE30E-807F-43D5-8CC9-8182D08F2FE8}"
EndProject
Global
	GlobalSection(SolutionConfigurationPlatforms) = preSolution
		Debug|Any CPU = Debug|Any CPU
		Release|Any CPU = Release|Any CPU
	EndGlobalSection
	GlobalSection(ProjectConfigurationPlatforms) = postSolution
		{2D50A4E5-FD42-47DD-9B0B-9CC9142A524A}.Debug|Any CPU.ActiveCfg = Debug|Any CPU
		{2D50A4E5-FD42-47DD-9B0B-9CC9142A524A}.Debug|Any CPU.Build.0 = Debug|Any CPU
		{2D50A4E5-FD42-47DD-9B0B-9CC9142A524A}.Release|Any CPU.ActiveCfg = Release|Any CPU
		{2D50A4E5-FD42-47DD-9B0B-9CC9142A524A}.Release|Any CPU.Build.0 = Release|Any CPU
		{A39CE30E-807F-43D5-8CC9-8182D08F2FE8}.Debug|Any CPU.ActiveCfg = Debug|Any CPU
		{A39CE30E-807F-43D5-8CC9-8182D08F2FE8}.Debug|Any CPU.Build.0 = Debug|Any CPU
		{A39CE30E-807F-43D5-8CC9-8182D08F2FE8}.Release|Any CPU.ActiveCfg = Release|Any CPU
		{A39CE30E-807F-43D5-8CC9-8182D08F2FE8}.Release|Any CPU.Build.0 = Release|Any CPU
	EndGlobalSection
	GlobalSection(SolutionProperties) = preSolution
		HideSolutionNode = FALSE
	EndGlobalSection
	GlobalSection(NestedProjects) = preSolution
		{6B53D275-7ED6-472B-93C2-56183BD095E0} = {360373E7-F9DC-42AB-9975-38A901BBD456}
		{2D50A4E5-FD42-47DD-9B0B-9CC9142A524A} = {6B53D275-7ED6-472B-93C2-56183BD095E0}
		{A39CE30E-807F-43D5-8CC9-8182D08F2FE8} = {C453B5F7-4C10-47AC-A214-DD4D80433497}
	EndGlobalSection
	GlobalSection(ExtensibilityGlobals) = postSolution
		SolutionGuid = {F1E4564D-B53C-4E08-8028-F126CB2A69CB}
	EndGlobalSection
EndGlobal
